
Microsoft Visual Studio Solution File, Format Version 12.00
# Visual Studio Version 17
VisualStudioVersion = 17.9.34616.47
MinimumVisualStudioVersion = 10.0.40219.1
Project("{FAE04EC0-301F-11D3-BF4B-00C04F79EFBC}") = "TP3-Sante", "TP3-Sante.csproj", "{8B23ADD4-C291-4007-AB22-82B45687F2EE}"
EndProject
Global
	GlobalSection(SolutionConfigurationPlatforms) = preSolution
		Debug|Any CPU = Debug|Any CPU
		Release|Any CPU = Release|Any CPU
	EndGlobalSection
	GlobalSection(ProjectConfigurationPlatforms) = postSolution
		{8B23ADD4-C291-4007-AB22-82B45687F2EE}.Debug|Any CPU.ActiveCfg = Debug|Any CPU
		{8B23ADD4-C291-4007-AB22-82B45687F2EE}.Debug|Any CPU.Build.0 = Debug|Any CPU
		{8B23ADD4-C291-4007-AB22-82B45687F2EE}.Release|Any CPU.ActiveCfg = Release|Any CPU
		{8B23ADD4-C291-4007-AB22-82B45687F2EE}.Release|Any CPU.Build.0 = Release|Any CPU
	EndGlobalSection
	GlobalSection(SolutionProperties) = preSolution
		HideSolutionNode = FALSE
	EndGlobalSection
	GlobalSection(ExtensibilityGlobals) = postSolution
		SolutionGuid = {BB826033-4522-4BCD-92FB-BA0AA2825CD1}
	EndGlobalSection
EndGlobal
